
Microsoft Visual Studio Solution File, Format Version 12.00
# Visual Studio Version 16
VisualStudioVersion = 16.0.31515.178
MinimumVisualStudioVersion = 10.0.40219.1
Project("{FAE04EC0-301F-11D3-BF4B-00C04F79EFBC}") = "WebApplication9", "WebApplication9.csproj", "{7A2BC358-11DE-4640-9161-AC78A146DDA5}"
EndProject
Global
	GlobalSection(SolutionConfigurationPlatforms) = preSolution
		Debug|Any CPU = Debug|Any CPU
		Release|Any CPU = Release|Any CPU
	EndGlobalSection
	GlobalSection(ProjectConfigurationPlatforms) = postSolution
		{7A2BC358-11DE-4640-9161-AC78A146DDA5}.Debug|Any CPU.ActiveCfg = Debug|Any CPU
		{7A2BC358-11DE-4640-9161-AC78A146DDA5}.Debug|Any CPU.Build.0 = Debug|Any CPU
		{7A2BC358-11DE-4640-9161-AC78A146DDA5}.Release|Any CPU.ActiveCfg = Release|Any CPU
		{7A2BC358-11DE-4640-9161-AC78A146DDA5}.Release|Any CPU.Build.0 = Release|Any CPU
	EndGlobalSection
	GlobalSection(SolutionProperties) = preSolution
		HideSolutionNode = FALSE
	EndGlobalSection
	GlobalSection(ExtensibilityGlobals) = postSolution
		SolutionGuid = {E0B1CD1E-3772-4E52-93B1-7B41D6059664}
	EndGlobalSection
EndGlobal
